
Microsoft Visual Studio Solution File, Format Version 12.00
# Visual Studio 14
VisualStudioVersion = 14.0.23107.0
MinimumVisualStudioVersion = 10.0.40219.1
Project("{FAE04EC0-301F-11D3-BF4B-00C04F79EFBC}") = "GISHWHES Mascot", "GISHWHES Mascot\GISHWHES Mascot.csproj", "{656F9F5F-9CB5-46B5-BDD2-3B1DBE682DEC}"
EndProject
Global
	GlobalSection(SolutionConfigurationPlatforms) = preSolution
		Debug|Any CPU = Debug|Any CPU
		Release|Any CPU = Release|Any CPU
	EndGlobalSection
	GlobalSection(ProjectConfigurationPlatforms) = postSolution
		{656F9F5F-9CB5-46B5-BDD2-3B1DBE682DEC}.Debug|Any CPU.ActiveCfg = Release|Any CPU
		{656F9F5F-9CB5-46B5-BDD2-3B1DBE682DEC}.Debug|Any CPU.Build.0 = Release|Any CPU
		{656F9F5F-9CB5-46B5-BDD2-3B1DBE682DEC}.Release|Any CPU.ActiveCfg = Release|Any CPU
		{656F9F5F-9CB5-46B5-BDD2-3B1DBE682DEC}.Release|Any CPU.Build.0 = Release|Any CPU
	EndGlobalSection
	GlobalSection(SolutionProperties) = preSolution
		HideSolutionNode = FALSE
	EndGlobalSection
EndGlobal
